
Microsoft Visual Studio Solution File, Format Version 12.00
# Visual Studio Version 16
VisualStudioVersion = 16.0.31702.278
MinimumVisualStudioVersion = 10.0.40219.1
Project("{9A19103F-16F7-4668-BE54-9A1E7A4F7556}") = "BusinessLayer", "TruitjesVerkoop\BusinessLayer.csproj", "{F038F871-D8BA-40DD-B7E2-98CF3D7AB9E9}"
EndProject
Project("{FAE04EC0-301F-11D3-BF4B-00C04F79EFBC}") = "TruitjeWPF", "TruitjeWPF\TruitjeWPF.csproj", "{46905668-7940-4116-BA55-CD1C42BABDAE}"
EndProject
Global
	GlobalSection(SolutionConfigurationPlatforms) = preSolution
		Debug|Any CPU = Debug|Any CPU
		Release|Any CPU = Release|Any CPU
	EndGlobalSection
	GlobalSection(ProjectConfigurationPlatforms) = postSolution
		{F038F871-D8BA-40DD-B7E2-98CF3D7AB9E9}.Debug|Any CPU.ActiveCfg = Debug|Any CPU
		{F038F871-D8BA-40DD-B7E2-98CF3D7AB9E9}.Debug|Any CPU.Build.0 = Debug|Any CPU
		{F038F871-D8BA-40DD-B7E2-98CF3D7AB9E9}.Release|Any CPU.ActiveCfg = Release|Any CPU
		{F038F871-D8BA-40DD-B7E2-98CF3D7AB9E9}.Release|Any CPU.Build.0 = Release|Any CPU
		{46905668-7940-4116-BA55-CD1C42BABDAE}.Debug|Any CPU.ActiveCfg = Debug|Any CPU
		{46905668-7940-4116-BA55-CD1C42BABDAE}.Debug|Any CPU.Build.0 = Debug|Any CPU
		{46905668-7940-4116-BA55-CD1C42BABDAE}.Release|Any CPU.ActiveCfg = Release|Any CPU
		{46905668-7940-4116-BA55-CD1C42BABDAE}.Release|Any CPU.Build.0 = Release|Any CPU
	EndGlobalSection
	GlobalSection(SolutionProperties) = preSolution
		HideSolutionNode = FALSE
	EndGlobalSection
	GlobalSection(ExtensibilityGlobals) = postSolution
		SolutionGuid = {202670BB-765D-49A2-9B17-E54E1829332C}
	EndGlobalSection
EndGlobal
